"7697":
  ID: 7697
  Monitor:
    active: true
    assertions:
    - compare: eq
      kind: statusCode
      target: 200
    frequency: 1m
    kind: http
    name: Char Web
    openTelemetry: {}
    regions:
    - railway_europe-west4-drams3a
    - lhr
    - railway_asia-southeast1-eqsg3a
    - nrt
    - yyz
    - koyeb_was
    request:
      method: GET
      url: https://hyprnote.com
    retry: 3
"8351":
  ID: 8351
  Monitor:
    active: true
    assertions:
    - compare: eq
      kind: statusCode
      target: 200
    frequency: 1m
    kind: http
    name: Char API
    openTelemetry: {}
    regions:
    - cdg
    - lax
    - koyeb_par
    - koyeb_fra
    - fra
    - bom
    request:
      method: GET
      url: https://api.hyprnote.com/health
    retry: 3
"8354":
  ID: 8354
  Monitor:
    active: true
    assertions:
    - compare: eq
      kind: statusCode
      target: 200
    frequency: 1m
    kind: http
    name: Char Web
    openTelemetry: {}
    regions:
    - railway_europe-west4-drams3a
    - lhr
    - railway_asia-southeast1-eqsg3a
    - nrt
    - yyz
    - koyeb_was
    request:
      method: GET
      url: https://hyprnote.com
    retry: 3
"8355":
  ID: 8355
  Monitor:
    active: true
    assertions:
    - compare: eq
      kind: statusCode
      target: 200
    frequency: 1m
    kind: http
    name: Char API
    openTelemetry: {}
    regions:
    - cdg
    - lax
    - koyeb_par
    - koyeb_fra
    - fra
    - bom
    request:
      method: GET
      url: https://api.hyprnote.com/health
    retry: 3
